
Microsoft Visual Studio Solution File, Format Version 12.00
# Visual Studio Version 17
VisualStudioVersion = 17.5.33516.290
MinimumVisualStudioVersion = 10.0.40219.1
Project("{9A19103F-16F7-4668-BE54-9A1E7A4F7556}") = "WeatherAPI", "WeatherAPI\WeatherAPI.csproj", "{D4C4B9D8-769F-45A1-AA46-E5F7A59845D4}"
EndProject
Project("{9A19103F-16F7-4668-BE54-9A1E7A4F7556}") = "ClothingSuggestion", "ClothingSuggestion\ClothingSuggestion.csproj", "{69A85208-BD80-4A71-A748-73AB4BF8EC05}"
EndProject
Project("{9A19103F-16F7-4668-BE54-9A1E7A4F7556}") = "SharedLibrary", "Sharings\SharedLibrary.csproj", "{BB665A77-8065-44EF-B9AD-D64B431CC8B8}"
EndProject
Global
	GlobalSection(SolutionConfigurationPlatforms) = preSolution
		Debug|Any CPU = Debug|Any CPU
		Release|Any CPU = Release|Any CPU
	EndGlobalSection
	GlobalSection(ProjectConfigurationPlatforms) = postSolution
		{D4C4B9D8-769F-45A1-AA46-E5F7A59845D4}.Debug|Any CPU.ActiveCfg = Debug|Any CPU
		{D4C4B9D8-769F-45A1-AA46-E5F7A59845D4}.Debug|Any CPU.Build.0 = Debug|Any CPU
		{D4C4B9D8-769F-45A1-AA46-E5F7A59845D4}.Release|Any CPU.ActiveCfg = Release|Any CPU
		{D4C4B9D8-769F-45A1-AA46-E5F7A59845D4}.Release|Any CPU.Build.0 = Release|Any CPU
		{69A85208-BD80-4A71-A748-73AB4BF8EC05}.Debug|Any CPU.ActiveCfg = Debug|Any CPU
		{69A85208-BD80-4A71-A748-73AB4BF8EC05}.Debug|Any CPU.Build.0 = Debug|Any CPU
		{69A85208-BD80-4A71-A748-73AB4BF8EC05}.Release|Any CPU.ActiveCfg = Release|Any CPU
		{69A85208-BD80-4A71-A748-73AB4BF8EC05}.Release|Any CPU.Build.0 = Release|Any CPU
		{BB665A77-8065-44EF-B9AD-D64B431CC8B8}.Debug|Any CPU.ActiveCfg = Debug|Any CPU
		{BB665A77-8065-44EF-B9AD-D64B431CC8B8}.Debug|Any CPU.Build.0 = Debug|Any CPU
		{BB665A77-8065-44EF-B9AD-D64B431CC8B8}.Release|Any CPU.ActiveCfg = Release|Any CPU
		{BB665A77-8065-44EF-B9AD-D64B431CC8B8}.Release|Any CPU.Build.0 = Release|Any CPU
	EndGlobalSection
	GlobalSection(SolutionProperties) = preSolution
		HideSolutionNode = FALSE
	EndGlobalSection
	GlobalSection(ExtensibilityGlobals) = postSolution
		SolutionGuid = {380907F2-C737-44F8-8AE8-BB9AA3630B55}
	EndGlobalSection
EndGlobal
